{
  "originHash" : "0d29a0348d0db8d09aeb8fd795b20db1d7edeed77764883c655d0fb4e898623d",
  "pins" : [
    {
      "identity" : "keychainaccess",
      "kind" : "remoteSourceControl",
      "location" : "https://github.com/kishikawakatsumi/KeychainAccess",
      "state" : {
        "revision" : "84e546727d66f1adc5439debad16270d0fdd04e7",
        "version" : "4.2.2"
      }
    },
    {
      "identity" : "swift-eventsource",
      "kind" : "remoteSourceControl",
      "location" : "https://github.com/launchdarkly/swift-eventsource",
      "state" : {
        "revision" : "57051701c58a93603ffa2051f8e9cf0c8cff7814",
        "version" : "3.3.0"
      }
    }
  ],
  "version" : 3
}
